Microsoft Visual Studio Solution File, Format Version 12.00
# Visual Studio Version 17
VisualStudioVersion = 17.0.31903.59
MinimumVisualStudioVersion = 10.0.40219.1
Project("{FAE04EC0-301F-11D3-BF4B-00C04F79EFBC}") = "VendorTrack.Domain", "src\VendorTrack.Domain\VendorTrack.Domain.csproj", "{53FB4D4A-A571-437F-B973-BA78229BD832}"
EndProject
Project("{FAE04EC0-301F-11D3-BF4B-00C04F79EFBC}") = "VendorTrack.Data", "src\VendorTrack.Data\VendorTrack.Data.csproj", "{0D24705E-D791-42F1-AC2A-7C4A3E4BC61C}"
EndProject
Project("{FAE04EC0-301F-11D3-BF4B-00C04F79EFBC}") = "VendorTrack.Business", "src\VendorTrack.Business\VendorTrack.Business.csproj", "{BAB94A74-C847-4044-BDA7-20241D2429F6}"
EndProject
Project("{FAE04EC0-301F-11D3-BF4B-00C04F79EFBC}") = "VendorTrack.Web", "src\VendorTrack.Web\VendorTrack.Web.csproj", "{5FF5426B-FE1F-4040-BEC4-D398572C69C0}"
EndProject
Global
	GlobalSection(SolutionConfigurationPlatforms) = preSolution
		Debug|Any CPU = Debug|Any CPU
		Release|Any CPU = Release|Any CPU
	EndGlobalSection
	GlobalSection(ProjectConfigurationPlatforms) = postSolution
		{53FB4D4A-A571-437F-B973-BA78229BD832}.Debug|Any CPU.ActiveCfg = Debug|Any CPU
		{53FB4D4A-A571-437F-B973-BA78229BD832}.Debug|Any CPU.Build.0 = Debug|Any CPU
		{53FB4D4A-A571-437F-B973-BA78229BD832}.Release|Any CPU.ActiveCfg = Release|Any CPU
		{53FB4D4A-A571-437F-B973-BA78229BD832}.Release|Any CPU.Build.0 = Release|Any CPU
		{0D24705E-D791-42F1-AC2A-7C4A3E4BC61C}.Debug|Any CPU.ActiveCfg = Debug|Any CPU
		{0D24705E-D791-42F1-AC2A-7C4A3E4BC61C}.Debug|Any CPU.Build.0 = Debug|Any CPU
		{0D24705E-D791-42F1-AC2A-7C4A3E4BC61C}.Release|Any CPU.ActiveCfg = Release|Any CPU
		{0D24705E-D791-42F1-AC2A-7C4A3E4BC61C}.Release|Any CPU.Build.0 = Release|Any CPU
		{BAB94A74-C847-4044-BDA7-20241D2429F6}.Debug|Any CPU.ActiveCfg = Debug|Any CPU
		{BAB94A74-C847-4044-BDA7-20241D2429F6}.Debug|Any CPU.Build.0 = Debug|Any CPU
		{BAB94A74-C847-4044-BDA7-20241D2429F6}.Release|Any CPU.ActiveCfg = Release|Any CPU
		{BAB94A74-C847-4044-BDA7-20241D2429F6}.Release|Any CPU.Build.0 = Release|Any CPU
		{5FF5426B-FE1F-4040-BEC4-D398572C69C0}.Debug|Any CPU.ActiveCfg = Debug|Any CPU
		{5FF5426B-FE1F-4040-BEC4-D398572C69C0}.Debug|Any CPU.Build.0 = Debug|Any CPU
		{5FF5426B-FE1F-4040-BEC4-D398572C69C0}.Release|Any CPU.ActiveCfg = Release|Any CPU
		{5FF5426B-FE1F-4040-BEC4-D398572C69C0}.Release|Any CPU.Build.0 = Release|Any CPU
	EndGlobalSection
	GlobalSection(SolutionProperties) = preSolution
		HideSolutionNode = FALSE
	EndGlobalSection
	GlobalSection(ExtensibilityGlobals) = postSolution
		SolutionGuid = {e24ebce6-8c40-486c-9a58-498ff1a2b6af}
	EndGlobalSection
EndGlobal
